
Microsoft Visual Studio Solution File, Format Version 12.00
# Visual Studio 15
VisualStudioVersion = 15.0.28307.1000
MinimumVisualStudioVersion = 10.0.40219.1
Project("{FAE04EC0-301F-11D3-BF4B-00C04F79EFBC}") = "WebTimeSheetProject_Practice", "WebTimeSheetProject_Practice\WebTimeSheetProject_Practice.csproj", "{41668DB9-2CA3-4CD3-9C63-631566A2419B}"
EndProject
Project("{FAE04EC0-301F-11D3-BF4B-00C04F79EFBC}") = "webtimesheet_Practice.models", "webtimesheet_Practice.models\webtimesheet_Practice.models.csproj", "{C9C97790-B41A-4DA4-A859-4321DB40B19B}"
EndProject
Project("{FAE04EC0-301F-11D3-BF4B-00C04F79EFBC}") = "webTimesheetproject_Practice.concrete", "webTimesheetproject_Practice.concrete\webTimesheetproject_Practice.concrete.csproj", "{9FABBF87-7E3E-42C3-A261-8E4924733F00}"
EndProject
Project("{FAE04EC0-301F-11D3-BF4B-00C04F79EFBC}") = "webTimeSheetProject_Practice.Interface", "webTimeSheetProject_Practice.Interface\webTimeSheetProject_Practice.Interface.csproj", "{691E15E7-34DD-476A-9A0D-211D4231D4FA}"
EndProject
Global
	GlobalSection(SolutionConfigurationPlatforms) = preSolution
		Debug|Any CPU = Debug|Any CPU
		Release|Any CPU = Release|Any CPU
	EndGlobalSection
	GlobalSection(ProjectConfigurationPlatforms) = postSolution
		{41668DB9-2CA3-4CD3-9C63-631566A2419B}.Debug|Any CPU.ActiveCfg = Debug|Any CPU
		{41668DB9-2CA3-4CD3-9C63-631566A2419B}.Debug|Any CPU.Build.0 = Debug|Any CPU
		{41668DB9-2CA3-4CD3-9C63-631566A2419B}.Release|Any CPU.ActiveCfg = Release|Any CPU
		{41668DB9-2CA3-4CD3-9C63-631566A2419B}.Release|Any CPU.Build.0 = Release|Any CPU
		{C9C97790-B41A-4DA4-A859-4321DB40B19B}.Debug|Any CPU.ActiveCfg = Debug|Any CPU
		{C9C97790-B41A-4DA4-A859-4321DB40B19B}.Debug|Any CPU.Build.0 = Debug|Any CPU
		{C9C97790-B41A-4DA4-A859-4321DB40B19B}.Release|Any CPU.ActiveCfg = Release|Any CPU
		{C9C97790-B41A-4DA4-A859-4321DB40B19B}.Release|Any CPU.Build.0 = Release|Any CPU
		{9FABBF87-7E3E-42C3-A261-8E4924733F00}.Debug|Any CPU.ActiveCfg = Debug|Any CPU
		{9FABBF87-7E3E-42C3-A261-8E4924733F00}.Debug|Any CPU.Build.0 = Debug|Any CPU
		{9FABBF87-7E3E-42C3-A261-8E4924733F00}.Release|Any CPU.ActiveCfg = Release|Any CPU
		{9FABBF87-7E3E-42C3-A261-8E4924733F00}.Release|Any CPU.Build.0 = Release|Any CPU
		{691E15E7-34DD-476A-9A0D-211D4231D4FA}.Debug|Any CPU.ActiveCfg = Debug|Any CPU
		{691E15E7-34DD-476A-9A0D-211D4231D4FA}.Debug|Any CPU.Build.0 = Debug|Any CPU
		{691E15E7-34DD-476A-9A0D-211D4231D4FA}.Release|Any CPU.ActiveCfg = Release|Any CPU
		{691E15E7-34DD-476A-9A0D-211D4231D4FA}.Release|Any CPU.Build.0 = Release|Any CPU
	EndGlobalSection
	GlobalSection(SolutionProperties) = preSolution
		HideSolutionNode = FALSE
	EndGlobalSection
	GlobalSection(ExtensibilityGlobals) = postSolution
		SolutionGuid = {0F43E207-3781-4247-9E97-6C0EC5FBF7F0}
	EndGlobalSection
EndGlobal
